
Microsoft Visual Studio Solution File, Format Version 12.00
# Visual Studio Version 16
VisualStudioVersion = 16.0.29728.190
MinimumVisualStudioVersion = 10.0.40219.1
Project("{FAE04EC0-301F-11D3-BF4B-00C04F79EFBC}") = "facturacion_db", "facturacion_db\facturacion_db.csproj", "{EB92300D-BCFD-4F0F-BC04-C4C9F755C3DA}"
EndProject
Project("{FAE04EC0-301F-11D3-BF4B-00C04F79EFBC}") = "facturacion_db.Data", "facturacion_db.Data\facturacion_db.Data.csproj", "{CC1D072B-934B-4669-A8FA-2B9393DB2135}"
EndProject
Project("{FAE04EC0-301F-11D3-BF4B-00C04F79EFBC}") = "facturacion_db.Application", "facturacion_db.Application\facturacion_db.Application.csproj", "{80964299-8588-4D32-A8F2-7323B953BF3D}"
EndProject
Global
	GlobalSection(SolutionConfigurationPlatforms) = preSolution
		Debug|Any CPU = Debug|Any CPU
		Release|Any CPU = Release|Any CPU
	EndGlobalSection
	GlobalSection(ProjectConfigurationPlatforms) = postSolution
		{EB92300D-BCFD-4F0F-BC04-C4C9F755C3DA}.Debug|Any CPU.ActiveCfg = Debug|Any CPU
		{EB92300D-BCFD-4F0F-BC04-C4C9F755C3DA}.Debug|Any CPU.Build.0 = Debug|Any CPU
		{EB92300D-BCFD-4F0F-BC04-C4C9F755C3DA}.Release|Any CPU.ActiveCfg = Release|Any CPU
		{EB92300D-BCFD-4F0F-BC04-C4C9F755C3DA}.Release|Any CPU.Build.0 = Release|Any CPU
		{CC1D072B-934B-4669-A8FA-2B9393DB2135}.Debug|Any CPU.ActiveCfg = Debug|Any CPU
		{CC1D072B-934B-4669-A8FA-2B9393DB2135}.Debug|Any CPU.Build.0 = Debug|Any CPU
		{CC1D072B-934B-4669-A8FA-2B9393DB2135}.Release|Any CPU.ActiveCfg = Release|Any CPU
		{CC1D072B-934B-4669-A8FA-2B9393DB2135}.Release|Any CPU.Build.0 = Release|Any CPU
		{80964299-8588-4D32-A8F2-7323B953BF3D}.Debug|Any CPU.ActiveCfg = Debug|Any CPU
		{80964299-8588-4D32-A8F2-7323B953BF3D}.Debug|Any CPU.Build.0 = Debug|Any CPU
		{80964299-8588-4D32-A8F2-7323B953BF3D}.Release|Any CPU.ActiveCfg = Release|Any CPU
		{80964299-8588-4D32-A8F2-7323B953BF3D}.Release|Any CPU.Build.0 = Release|Any CPU
	EndGlobalSection
	GlobalSection(SolutionProperties) = preSolution
		HideSolutionNode = FALSE
	EndGlobalSection
	GlobalSection(ExtensibilityGlobals) = postSolution
		SolutionGuid = {A377664A-D257-4443-BF3F-1A8BAD3ECD70}
	EndGlobalSection
EndGlobal
