
Microsoft Visual Studio Solution File, Format Version 12.00
# Visual Studio Version 16
VisualStudioVersion = 16.0.29728.190
MinimumVisualStudioVersion = 10.0.40219.1
Project("{FAE04EC0-301F-11D3-BF4B-00C04F79EFBC}") = "SAVNI_CRM.API", "SAVNI_CRM.API\SAVNI_CRM.API.csproj", "{06877187-3E99-4D9C-AD47-83762E33FEA1}"
EndProject
Project("{FAE04EC0-301F-11D3-BF4B-00C04F79EFBC}") = "SAVNI_CRM.Application", "SAVNI_CRM.Application\SAVNI_CRM.Application.csproj", "{FD386C7A-DC4A-4298-8082-15676D5D7747}"
EndProject
Project("{FAE04EC0-301F-11D3-BF4B-00C04F79EFBC}") = "SAVNI_CRM.Data", "SAVNI_CRM.Data\SAVNI_CRM.Data.csproj", "{843F56C8-3624-414A-A503-5D5F4061DD85}"
EndProject
Global
	GlobalSection(SolutionConfigurationPlatforms) = preSolution
		Debug|Any CPU = Debug|Any CPU
		Release|Any CPU = Release|Any CPU
	EndGlobalSection
	GlobalSection(ProjectConfigurationPlatforms) = postSolution
		{06877187-3E99-4D9C-AD47-83762E33FEA1}.Debug|Any CPU.ActiveCfg = Debug|Any CPU
		{06877187-3E99-4D9C-AD47-83762E33FEA1}.Debug|Any CPU.Build.0 = Debug|Any CPU
		{06877187-3E99-4D9C-AD47-83762E33FEA1}.Release|Any CPU.ActiveCfg = Release|Any CPU
		{06877187-3E99-4D9C-AD47-83762E33FEA1}.Release|Any CPU.Build.0 = Release|Any CPU
		{FD386C7A-DC4A-4298-8082-15676D5D7747}.Debug|Any CPU.ActiveCfg = Debug|Any CPU
		{FD386C7A-DC4A-4298-8082-15676D5D7747}.Debug|Any CPU.Build.0 = Debug|Any CPU
		{FD386C7A-DC4A-4298-8082-15676D5D7747}.Release|Any CPU.ActiveCfg = Release|Any CPU
		{FD386C7A-DC4A-4298-8082-15676D5D7747}.Release|Any CPU.Build.0 = Release|Any CPU
		{843F56C8-3624-414A-A503-5D5F4061DD85}.Debug|Any CPU.ActiveCfg = Debug|Any CPU
		{843F56C8-3624-414A-A503-5D5F4061DD85}.Debug|Any CPU.Build.0 = Debug|Any CPU
		{843F56C8-3624-414A-A503-5D5F4061DD85}.Release|Any CPU.ActiveCfg = Release|Any CPU
		{843F56C8-3624-414A-A503-5D5F4061DD85}.Release|Any CPU.Build.0 = Release|Any CPU
	EndGlobalSection
	GlobalSection(SolutionProperties) = preSolution
		HideSolutionNode = FALSE
	EndGlobalSection
	GlobalSection(ExtensibilityGlobals) = postSolution
		SolutionGuid = {1EC3F724-DAB6-45CB-9F10-542255C87388}
	EndGlobalSection
EndGlobal
